<?xml version="1.0" encoding="utf-8"?>
<Project ToolsVersion="15.0" xmlns="http://schemas.microsoft.com/developer/msbuild/2003">
  <ItemGroup>
    <ClCompile Include="D:\z-cool\libkchart\src\KChartWnd.cpp">
      <Filter>Source Files</Filter>
    </ClCompile>
    <ClCompile Include="D:\z-cool\libkchart\src\Graphics.cpp">
      <Filter>Source Files</Filter>
    </ClCompile>
    <ClCompile Include="D:\z-cool\libkchart\src\Struct.cpp">
      <Filter>Source Files</Filter>
    </ClCompile>
    <ClCompile Include="D:\z-cool\libkchart\src\GraphArea.cpp">
      <Filter>Source Files</Filter>
    </ClCompile>
    <ClCompile Include="D:\z-cool\libkchart\src\VerticalAxis.cpp">
      <Filter>Source Files</Filter>
    </ClCompile>
    <ClCompile Include="D:\z-cool\libkchart\src\HorizontalAxis.cpp">
      <Filter>Source Files</Filter>
    </ClCompile>
    <ClCompile Include="D:\z-cool\libkchart\src\CrosshairDelegate.cpp">
      <Filter>Source Files</Filter>
    </ClCompile>
    <ClCompile Include="D:\z-cool\libkchart\src\graph\GdiPlusGC.cpp">
      <Filter>Source Files</Filter>
    </ClCompile>
  </ItemGroup>
  <ItemGroup>
    <CustomBuild Include="D:\z-cool\libkchart\src\CMakeLists.txt" />
  </ItemGroup>
  <ItemGroup>
    <Filter Include="Source Files">
      <UniqueIdentifier>{DAE62B44-0897-305C-99C7-7E629171D1F1}</UniqueIdentifier>
    </Filter>
  </ItemGroup>
</Project>
